// !$*UTF8*$!
{
	archiveVersion = 1;
	classes = {
	};
	objectVersion = 46;
	objects = {

/* Begin PBXBuildFile section */
		4E02BBA41712EF6E000ED168 /* libRalleeSDK.a in Frameworks */ = {isa = PBXBuildFile; fileRef = 4E02BBA21712EF6E000ED168 /* libRalleeSDK.a */; };
		4E1FA1491727B1940097C9E8 /* RalleeSIP.png in Resources */ = {isa = PBXBuildFile; fileRef = 4E1FA1481727B1940097C9E8 /* RalleeSIP.png */; };
		4E1FA14B1727BBAC0097C9E8 /* bg.jpg in Resources */ = {isa = PBXBuildFile; fileRef = 4E1FA14A1727BBAC0097C9E8 /* bg.jpg */; };
		4E1FA14D1727EBF90097C9E8 /* def.jpeg in Resources */ = {isa = PBXBuildFile; fileRef = 4E1FA14C1727EBF90097C9E8 /* def.jpeg */; };
		4E323F9416F72B0F000D9264 /* libsqlite3.0.dylib in Frameworks */ = {isa = PBXBuildFile; fileRef = 4E323F9316F72B0F000D9264 /* libsqlite3.0.dylib */; };
		4E3241A316F73634000D9264 /* Social.framework in Frameworks */ = {isa = PBXBuildFile; fileRef = 4E3241A216F73634000D9264 /* Social.framework */; };
		4E3241A616F73654000D9264 /* Accounts.framework in Frameworks */ = {isa = PBXBuildFile; fileRef = 4E3241A416F73654000D9264 /* Accounts.framework */; };
		4E3241A716F73654000D9264 /* AdSupport.framework in Frameworks */ = {isa = PBXBuildFile; fileRef = 4E3241A516F73654000D9264 /* AdSupport.framework */; };
		4E3241A916F7369E000D9264 /* FacebookSDK.framework in Frameworks */ = {isa = PBXBuildFile; fileRef = 4E3241A816F7369E000D9264 /* FacebookSDK.framework */; };
		4E5BE3BF172E8B3300C29A12 /* bg2.png in Resources */ = {isa = PBXBuildFile; fileRef = 4E5BE3BE172E8B3300C29A12 /* bg2.png */; };
		4E5BE3C1172E8C1600C29A12 /* bg3.jpg in Resources */ = {isa = PBXBuildFile; fileRef = 4E5BE3C0172E8C1600C29A12 /* bg3.jpg */; };
		4E5BE3C3172E8FCC00C29A12 /* fb.png in Resources */ = {isa = PBXBuildFile; fileRef = 4E5BE3C2172E8FCC00C29A12 /* fb.png */; };
		4E629E4D16D358180058EC35 /* UIKit.framework in Frameworks */ = {isa = PBXBuildFile; fileRef = 4E629E4C16D358180058EC35 /* UIKit.framework */; };
		4E629E4F16D358180058EC35 /* Foundation.framework in Frameworks */ = {isa = PBXBuildFile; fileRef = 4E629E4E16D358180058EC35 /* Foundation.framework */; };
		4E629E5116D358180058EC35 /* CoreGraphics.framework in Frameworks */ = {isa = PBXBuildFile; fileRef = 4E629E5016D358180058EC35 /* CoreGraphics.framework */; };
		4E629E5716D358180058EC35 /* InfoPlist.strings in Resources */ = {isa = PBXBuildFile; fileRef = 4E629E5516D358180058EC35 /* InfoPlist.strings */; };
		4E629E5916D358180058EC35 /* main.m in Sources */ = {isa = PBXBuildFile; fileRef = 4E629E5816D358180058EC35 /* main.m */; };
		4E629E5D16D358180058EC35 /* AppDelegate.m in Sources */ = {isa = PBXBuildFile; fileRef = 4E629E5C16D358180058EC35 /* AppDelegate.m */; };
		4E629E5F16D358180058EC35 /* Default.png in Resources */ = {isa = PBXBuildFile; fileRef = 4E629E5E16D358180058EC35 /* Default.png */; };
		4E629E6116D358180058EC35 /* Default@2x.png in Resources */ = {isa = PBXBuildFile; fileRef = 4E629E6016D358180058EC35 /* Default@2x.png */; };
		4E629E6316D358180058EC35 /* Default-568h@2x.png in Resources */ = {isa = PBXBuildFile; fileRef = 4E629E6216D358180058EC35 /* Default-568h@2x.png */; };
		4E629E6616D358180058EC35 /* MainStoryboard.storyboard in Resources */ = {isa = PBXBuildFile; fileRef = 4E629E6416D358180058EC35 /* MainStoryboard.storyboard */; };
		4E629E6916D358180058EC35 /* ViewController.m in Sources */ = {isa = PBXBuildFile; fileRef = 4E629E6816D358180058EC35 /* ViewController.m */; };
		4E629EC716D35A300058EC35 /* AddressBook.framework in Frameworks */ = {isa = PBXBuildFile; fileRef = 4E629EC216D35A300058EC35 /* AddressBook.framework */; };
		4E629EC816D35A300058EC35 /* AddressBookUI.framework in Frameworks */ = {isa = PBXBuildFile; fileRef = 4E629EC316D35A300058EC35 /* AddressBookUI.framework */; };
		4E629EC916D35A300058EC35 /* AudioToolbox.framework in Frameworks */ = {isa = PBXBuildFile; fileRef = 4E629EC416D35A300058EC35 /* AudioToolbox.framework */; };
		4E629ECA16D35A300058EC35 /* CFNetwork.framework in Frameworks */ = {isa = PBXBuildFile; fileRef = 4E629EC516D35A300058EC35 /* CFNetwork.framework */; };
		4E629ECB16D35A300058EC35 /* SystemConfiguration.framework in Frameworks */ = {isa = PBXBuildFile; fileRef = 4E629EC616D35A300058EC35 /* SystemConfiguration.framework */; };
		4E629ECD16D35A5C0058EC35 /* IOKit.framework in Frameworks */ = {isa = PBXBuildFile; fileRef = 4E629ECC16D35A5C0058EC35 /* IOKit.framework */; };
		4E629ED216D35B5F0058EC35 /* MainPage.m in Sources */ = {isa = PBXBuildFile; fileRef = 4E629ED116D35B140058EC35 /* MainPage.m */; };
		4E629ED416D35BF10058EC35 /* fbDefault.png in Resources */ = {isa = PBXBuildFile; fileRef = 4E629ED316D35BF10058EC35 /* fbDefault.png */; };
		4E629ED616D39B8C0058EC35 /* simplesip.png in Resources */ = {isa = PBXBuildFile; fileRef = 4E629ED516D39B8C0058EC35 /* simplesip.png */; };
		4EF0880517312BB800A404B3 /* answer.png in Resources */ = {isa = PBXBuildFile; fileRef = 4EF0880317312BB800A404B3 /* answer.png */; };
		4EF0880617312BB800A404B3 /* reject.png in Resources */ = {isa = PBXBuildFile; fileRef = 4EF0880417312BB800A404B3 /* reject.png */; };
		4EF0880A17312E4A00A404B3 /* call.png in Resources */ = {isa = PBXBuildFile; fileRef = 4EF0880817312E4A00A404B3 /* call.png */; };
		4EF0880B17312E4A00A404B3 /* endCall.png in Resources */ = {isa = PBXBuildFile; fileRef = 4EF0880917312E4A00A404B3 /* endCall.png */; };
/* End PBXBuildFile section */

/* Begin PBXFileReference section */
		4E02BBA21712EF6E000ED168 /* libRalleeSDK.a */ = {isa = PBXFileReference; lastKnownFileType = archive.ar; name = libRalleeSDK.a; path = RalleeSDK/libRalleeSDK.a; sourceTree = "<group>"; };
		4E02BBA51712EF82000ED168 /* RalleeSDK.h */ = {isa = PBXFileReference; fileEncoding = 4; lastKnownFileType = sourcecode.c.h; name = RalleeSDK.h; path = RalleeSDK/RalleeSDK.h; sourceTree = "<group>"; };
		4E1FA1481727B1940097C9E8 /* RalleeSIP.png */ = {isa = PBXFileReference; lastKnownFileType = image.png; name = RalleeSIP.png; path = SimpleSIP/RalleeSIP.png; sourceTree = "<group>"; };
		4E1FA14A1727BBAC0097C9E8 /* bg.jpg */ = {isa = PBXFileReference; lastKnownFileType = image.jpeg; path = bg.jpg; sourceTree = "<group>"; };
		4E1FA14C1727EBF90097C9E8 /* def.jpeg */ = {isa = PBXFileReference; lastKnownFileType = image.jpeg; name = def.jpeg; path = SimpleSIP/def.jpeg; sourceTree = "<group>"; };
		4E323F9316F72B0F000D9264 /* libsqlite3.0.dylib */ = {isa = PBXFileReference; lastKnownFileType = "compiled.mach-o.dylib"; name = libsqlite3.0.dylib; path = usr/lib/libsqlite3.0.dylib; sourceTree = SDKROOT; };
		4E3241A216F73634000D9264 /* Social.framework */ = {isa = PBXFileReference; lastKnownFileType = wrapper.framework; name = Social.framework; path = System/Library/Frameworks/Social.framework; sourceTree = SDKROOT; };
		4E3241A416F73654000D9264 /* Accounts.framework */ = {isa = PBXFileReference; lastKnownFileType = wrapper.framework; name = Accounts.framework; path = System/Library/Frameworks/Accounts.framework; sourceTree = SDKROOT; };
		4E3241A516F73654000D9264 /* AdSupport.framework */ = {isa = PBXFileReference; lastKnownFileType = wrapper.framework; name = AdSupport.framework; path = System/Library/Frameworks/AdSupport.framework; sourceTree = SDKROOT; };
		4E3241A816F7369E000D9264 /* FacebookSDK.framework */ = {isa = PBXFileReference; lastKnownFileType = wrapper.framework; name = FacebookSDK.framework; path = Others/FacebookSDK/FacebookSDK.framework; sourceTree = "<group>"; };
		4E5BE3BE172E8B3300C29A12 /* bg2.png */ = {isa = PBXFileReference; lastKnownFileType = image.png; name = bg2.png; path = SimpleSIP/bg2.png; sourceTree = "<group>"; };
		4E5BE3C0172E8C1600C29A12 /* bg3.jpg */ = {isa = PBXFileReference; lastKnownFileType = image.jpeg; name = bg3.jpg; path = SimpleSIP/bg3.jpg; sourceTree = "<group>"; };
		4E5BE3C2172E8FCC00C29A12 /* fb.png */ = {isa = PBXFileReference; lastKnownFileType = image.png; name = fb.png; path = SimpleSIP/fb.png; sourceTree = "<group>"; };
		4E629E4916D358180058EC35 /* RalleeSIP.app */ = {isa = PBXFileReference; explicitFileType = wrapper.application; includeInIndex = 0; path = RalleeSIP.app; sourceTree = BUILT_PRODUCTS_DIR; };
		4E629E4C16D358180058EC35 /* UIKit.framework */ = {isa = PBXFileReference; lastKnownFileType = wrapper.framework; name = UIKit.framework; path = System/Library/Frameworks/UIKit.framework; sourceTree = SDKROOT; };
		4E629E4E16D358180058EC35 /* Foundation.framework */ = {isa = PBXFileReference; lastKnownFileType = wrapper.framework; name = Foundation.framework; path = System/Library/Frameworks/Foundation.framework; sourceTree = SDKROOT; };
		4E629E5016D358180058EC35 /* CoreGraphics.framework */ = {isa = PBXFileReference; lastKnownFileType = wrapper.framework; name = CoreGraphics.framework; path = System/Library/Frameworks/CoreGraphics.framework; sourceTree = SDKROOT; };
		4E629E5416D358180058EC35 /* SimpleSIP-Info.plist */ = {isa = PBXFileReference; lastKnownFileType = text.plist.xml; path = "SimpleSIP-Info.plist"; sourceTree = "<group>"; };
		4E629E5616D358180058EC35 /* en */ = {isa = PBXFileReference; lastKnownFileType = text.plist.strings; name = en; path = en.lproj/InfoPlist.strings; sourceTree = "<group>"; };
		4E629E5816D358180058EC35 /* main.m */ = {isa = PBXFileReference; lastKnownFileType = sourcecode.c.objc; path = main.m; sourceTree = "<group>"; };
		4E629E5A16D358180058EC35 /* SimpleSIP-Prefix.pch */ = {isa = PBXFileReference; lastKnownFileType = sourcecode.c.h; path = "SimpleSIP-Prefix.pch"; sourceTree = "<group>"; };
		4E629E5B16D358180058EC35 /* AppDelegate.h */ = {isa = PBXFileReference; lastKnownFileType = sourcecode.c.h; path = AppDelegate.h; sourceTree = "<group>"; };
		4E629E5C16D358180058EC35 /* AppDelegate.m */ = {isa = PBXFileReference; lastKnownFileType = sourcecode.c.objc; path = AppDelegate.m; sourceTree = "<group>"; };
		4E629E5E16D358180058EC35 /* Default.png */ = {isa = PBXFileReference; lastKnownFileType = image.png; path = Default.png; sourceTree = "<group>"; };
		4E629E6016D358180058EC35 /* Default@2x.png */ = {isa = PBXFileReference; lastKnownFileType = image.png; path = "Default@2x.png"; sourceTree = "<group>"; };
		4E629E6216D358180058EC35 /* Default-568h@2x.png */ = {isa = PBXFileReference; lastKnownFileType = image.png; path = "Default-568h@2x.png"; sourceTree = "<group>"; };
		4E629E6516D358180058EC35 /* en */ = {isa = PBXFileReference; lastKnownFileType = file.storyboard; name = en; path = en.lproj/MainStoryboard.storyboard; sourceTree = "<group>"; };
		4E629E6716D358180058EC35 /* ViewController.h */ = {isa = PBXFileReference; lastKnownFileType = sourcecode.c.h; path = ViewController.h; sourceTree = "<group>"; };
		4E629E6816D358180058EC35 /* ViewController.m */ = {isa = PBXFileReference; lastKnownFileType = sourcecode.c.objc; path = ViewController.m; sourceTree = "<group>"; };
		4E629E6F16D358EE0058EC35 /* fbDefault.png */ = {isa = PBXFileReference; lastKnownFileType = image.png; name = fbDefault.png; path = SimpleSIP/fbDefault.png; sourceTree = "<group>"; };
		4E629EC216D35A300058EC35 /* AddressBook.framework */ = {isa = PBXFileReference; lastKnownFileType = wrapper.framework; name = AddressBook.framework; path = System/Library/Frameworks/AddressBook.framework; sourceTree = SDKROOT; };
		4E629EC316D35A300058EC35 /* AddressBookUI.framework */ = {isa = PBXFileReference; lastKnownFileType = wrapper.framework; name = AddressBookUI.framework; path = System/Library/Frameworks/AddressBookUI.framework; sourceTree = SDKROOT; };
		4E629EC416D35A300058EC35 /* AudioToolbox.framework */ = {isa = PBXFileReference; lastKnownFileType = wrapper.framework; name = AudioToolbox.framework; path = System/Library/Frameworks/AudioToolbox.framework; sourceTree = SDKROOT; };
		4E629EC516D35A300058EC35 /* CFNetwork.framework */ = {isa = PBXFileReference; lastKnownFileType = wrapper.framework; name = CFNetwork.framework; path = System/Library/Frameworks/CFNetwork.framework; sourceTree = SDKROOT; };
		4E629EC616D35A300058EC35 /* SystemConfiguration.framework */ = {isa = PBXFileReference; lastKnownFileType = wrapper.framework; name = SystemConfiguration.framework; path = System/Library/Frameworks/SystemConfiguration.framework; sourceTree = SDKROOT; };
		4E629ECC16D35A5C0058EC35 /* IOKit.framework */ = {isa = PBXFileReference; lastKnownFileType = wrapper.framework; name = IOKit.framework; path = System/Library/Frameworks/IOKit.framework; sourceTree = SDKROOT; };
		4E629ED016D35B140058EC35 /* MainPage.h */ = {isa = PBXFileReference; lastKnownFileType = sourcecode.c.h; path = MainPage.h; sourceTree = "<group>"; };
		4E629ED116D35B140058EC35 /* MainPage.m */ = {isa = PBXFileReference; lastKnownFileType = sourcecode.c.objc; path = MainPage.m; sourceTree = "<group>"; };
		4E629ED316D35BF10058EC35 /* fbDefault.png */ = {isa = PBXFileReference; lastKnownFileType = image.png; name = fbDefault.png; path = SimpleSIP/fbDefault.png; sourceTree = "<group>"; };
		4E629ED516D39B8C0058EC35 /* simplesip.png */ = {isa = PBXFileReference; lastKnownFileType = image.png; name = simplesip.png; path = SimpleSIP/simplesip.png; sourceTree = "<group>"; };
		4EF0880317312BB800A404B3 /* answer.png */ = {isa = PBXFileReference; lastKnownFileType = image.png; name = answer.png; path = SimpleSIP/answer.png; sourceTree = "<group>"; };
		4EF0880417312BB800A404B3 /* reject.png */ = {isa = PBXFileReference; lastKnownFileType = image.png; name = reject.png; path = SimpleSIP/reject.png; sourceTree = "<group>"; };
		4EF0880817312E4A00A404B3 /* call.png */ = {isa = PBXFileReference; lastKnownFileType = image.png; name = call.png; path = SimpleSIP/call.png; sourceTree = "<group>"; };
		4EF0880917312E4A00A404B3 /* endCall.png */ = {isa = PBXFileReference; lastKnownFileType = image.png; name = endCall.png; path = SimpleSIP/endCall.png; sourceTree = "<group>"; };
/* End PBXFileReference section */

/* Begin PBXFrameworksBuildPhase section */
		4E629E4616D358180058EC35 /* Frameworks */ = {
			isa = PBXFrameworksBuildPhase;
			buildActionMask = 2147483647;
			files = (
				4E323F9416F72B0F000D9264 /* libsqlite3.0.dylib in Frameworks */,
				4E02BBA41712EF6E000ED168 /* libRalleeSDK.a in Frameworks */,
				4E629E4D16D358180058EC35 /* UIKit.framework in Frameworks */,
				4E3241A916F7369E000D9264 /* FacebookSDK.framework in Frameworks */,
				4E629E4F16D358180058EC35 /* Foundation.framework in Frameworks */,
				4E629E5116D358180058EC35 /* CoreGraphics.framework in Frameworks */,
				4E629EC716D35A300058EC35 /* AddressBook.framework in Frameworks */,
				4E629EC816D35A300058EC35 /* AddressBookUI.framework in Frameworks */,
				4E629EC916D35A300058EC35 /* AudioToolbox.framework in Frameworks */,
				4E629ECA16D35A300058EC35 /* CFNetwork.framework in Frameworks */,
				4E629ECB16D35A300058EC35 /* SystemConfiguration.framework in Frameworks */,
				4E629ECD16D35A5C0058EC35 /* IOKit.framework in Frameworks */,
				4E3241A316F73634000D9264 /* Social.framework in Frameworks */,
				4E3241A616F73654000D9264 /* Accounts.framework in Frameworks */,
				4E3241A716F73654000D9264 /* AdSupport.framework in Frameworks */,
			);
			runOnlyForDeploymentPostprocessing = 0;
		};
/* End PBXFrameworksBuildPhase section */

/* Begin PBXGroup section */
		4E629E4016D358180058EC35 = {
			isa = PBXGroup;
			children = (
				4E02BBA21712EF6E000ED168 /* libRalleeSDK.a */,
				4EF0880717312BC100A404B3 /* Images */,
				4E02BBA51712EF82000ED168 /* RalleeSDK.h */,
				4E629E5216D358180058EC35 /* SimpleSIP */,
				4E629E4B16D358180058EC35 /* Frameworks */,
				4E629E4A16D358180058EC35 /* Products */,
			);
			sourceTree = "<group>";
		};
		4E629E4A16D358180058EC35 /* Products */ = {
			isa = PBXGroup;
			children = (
				4E629E4916D358180058EC35 /* RalleeSIP.app */,
			);
			name = Products;
			sourceTree = "<group>";
		};
		4E629E4B16D358180058EC35 /* Frameworks */ = {
			isa = PBXGroup;
			children = (
				4E3241A816F7369E000D9264 /* FacebookSDK.framework */,
				4E323F9316F72B0F000D9264 /* libsqlite3.0.dylib */,
				4E3241A416F73654000D9264 /* Accounts.framework */,
				4E3241A516F73654000D9264 /* AdSupport.framework */,
				4E3241A216F73634000D9264 /* Social.framework */,
				4E629ECC16D35A5C0058EC35 /* IOKit.framework */,
				4E629EC216D35A300058EC35 /* AddressBook.framework */,
				4E629EC316D35A300058EC35 /* AddressBookUI.framework */,
				4E629EC416D35A300058EC35 /* AudioToolbox.framework */,
				4E629EC516D35A300058EC35 /* CFNetwork.framework */,
				4E629EC616D35A300058EC35 /* SystemConfiguration.framework */,
				4E629E4C16D358180058EC35 /* UIKit.framework */,
				4E629E4E16D358180058EC35 /* Foundation.framework */,
				4E629E5016D358180058EC35 /* CoreGraphics.framework */,
			);
			name = Frameworks;
			sourceTree = "<group>";
		};
		4E629E5216D358180058EC35 /* SimpleSIP */ = {
			isa = PBXGroup;
			children = (
				4E629E5B16D358180058EC35 /* AppDelegate.h */,
				4E1FA14A1727BBAC0097C9E8 /* bg.jpg */,
				4E629E5C16D358180058EC35 /* AppDelegate.m */,
				4E629E6416D358180058EC35 /* MainStoryboard.storyboard */,
				4E629E6716D358180058EC35 /* ViewController.h */,
				4E629E6816D358180058EC35 /* ViewController.m */,
				4E629ED016D35B140058EC35 /* MainPage.h */,
				4E629ED116D35B140058EC35 /* MainPage.m */,
				4E629E5316D358180058EC35 /* Supporting Files */,
			);
			path = SimpleSIP;
			sourceTree = "<group>";
		};
		4E629E5316D358180058EC35 /* Supporting Files */ = {
			isa = PBXGroup;
			children = (
				4E629E5416D358180058EC35 /* SimpleSIP-Info.plist */,
				4E629E5516D358180058EC35 /* InfoPlist.strings */,
				4E629E5816D358180058EC35 /* main.m */,
				4E629E5A16D358180058EC35 /* SimpleSIP-Prefix.pch */,
				4E629E5E16D358180058EC35 /* Default.png */,
				4E629E6016D358180058EC35 /* Default@2x.png */,
				4E629E6216D358180058EC35 /* Default-568h@2x.png */,
			);
			name = "Supporting Files";
			sourceTree = "<group>";
		};
		4EF0880717312BC100A404B3 /* Images */ = {
			isa = PBXGroup;
			children = (
				4EF0880817312E4A00A404B3 /* call.png */,
				4EF0880917312E4A00A404B3 /* endCall.png */,
				4E1FA1481727B1940097C9E8 /* RalleeSIP.png */,
				4E5BE3C0172E8C1600C29A12 /* bg3.jpg */,
				4E629ED316D35BF10058EC35 /* fbDefault.png */,
				4E629E6F16D358EE0058EC35 /* fbDefault.png */,
				4E1FA14C1727EBF90097C9E8 /* def.jpeg */,
				4E629ED516D39B8C0058EC35 /* simplesip.png */,
				4EF0880317312BB800A404B3 /* answer.png */,
				4EF0880417312BB800A404B3 /* reject.png */,
				4E5BE3BE172E8B3300C29A12 /* bg2.png */,
				4E5BE3C2172E8FCC00C29A12 /* fb.png */,
			);
			name = Images;
			sourceTree = "<group>";
		};
/* End PBXGroup section */

/* Begin PBXNativeTarget section */
		4E629E4816D358180058EC35 /* SimpleSIP */ = {
			isa = PBXNativeTarget;
			buildConfigurationList = 4E629E6C16D358180058EC35 /* Build configuration list for PBXNativeTarget "SimpleSIP" */;
			buildPhases = (
				4E629E4516D358180058EC35 /* Sources */,
				4E629E4616D358180058EC35 /* Frameworks */,
				4E629E4716D358180058EC35 /* Resources */,
			);
			buildRules = (
			);
			dependencies = (
			);
			name = SimpleSIP;
			productName = SimpleSIP;
			productReference = 4E629E4916D358180058EC35 /* RalleeSIP.app */;
			productType = "com.apple.product-type.application";
		};
/* End PBXNativeTarget section */

/* Begin PBXProject section */
		4E629E4116D358180058EC35 /* Project object */ = {
			isa = PBXProject;
			attributes = {
				LastUpgradeCheck = 0460;
				ORGANIZATIONNAME = "Techlites Solution Pvt Ltd";
			};
			buildConfigurationList = 4E629E4416D358180058EC35 /* Build configuration list for PBXProject "SimpleSIP" */;
			compatibilityVersion = "Xcode 3.2";
			developmentRegion = English;
			hasScannedForEncodings = 0;
			knownRegions = (
				en,
				he,
			);
			mainGroup = 4E629E4016D358180058EC35;
			productRefGroup = 4E629E4A16D358180058EC35 /* Products */;
			projectDirPath = "";
			projectRoot = "";
			targets = (
				4E629E4816D358180058EC35 /* SimpleSIP */,
			);
		};
/* End PBXProject section */

/* Begin PBXResourcesBuildPhase section */
		4E629E4716D358180058EC35 /* Resources */ = {
			isa = PBXResourcesBuildPhase;
			buildActionMask = 2147483647;
			files = (
				4E629E5716D358180058EC35 /* InfoPlist.strings in Resources */,
				4E629E5F16D358180058EC35 /* Default.png in Resources */,
				4E629E6116D358180058EC35 /* Default@2x.png in Resources */,
				4E629E6316D358180058EC35 /* Default-568h@2x.png in Resources */,
				4E629E6616D358180058EC35 /* MainStoryboard.storyboard in Resources */,
				4E629ED416D35BF10058EC35 /* fbDefault.png in Resources */,
				4E629ED616D39B8C0058EC35 /* simplesip.png in Resources */,
				4E1FA1491727B1940097C9E8 /* RalleeSIP.png in Resources */,
				4E1FA14B1727BBAC0097C9E8 /* bg.jpg in Resources */,
				4E1FA14D1727EBF90097C9E8 /* def.jpeg in Resources */,
				4E5BE3BF172E8B3300C29A12 /* bg2.png in Resources */,
				4E5BE3C1172E8C1600C29A12 /* bg3.jpg in Resources */,
				4E5BE3C3172E8FCC00C29A12 /* fb.png in Resources */,
				4EF0880517312BB800A404B3 /* answer.png in Resources */,
				4EF0880617312BB800A404B3 /* reject.png in Resources */,
				4EF0880A17312E4A00A404B3 /* call.png in Resources */,
				4EF0880B17312E4A00A404B3 /* endCall.png in Resources */,
			);
			runOnlyForDeploymentPostprocessing = 0;
		};
/* End PBXResourcesBuildPhase section */

/* Begin PBXSourcesBuildPhase section */
		4E629E4516D358180058EC35 /* Sources */ = {
			isa = PBXSourcesBuildPhase;
			buildActionMask = 2147483647;
			files = (
				4E629ED216D35B5F0058EC35 /* MainPage.m in Sources */,
				4E629E5916D358180058EC35 /* main.m in Sources */,
				4E629E5D16D358180058EC35 /* AppDelegate.m in Sources */,
				4E629E6916D358180058EC35 /* ViewController.m in Sources */,
			);
			runOnlyForDeploymentPostprocessing = 0;
		};
/* End PBXSourcesBuildPhase section */

/* Begin PBXVariantGroup section */
		4E629E5516D358180058EC35 /* InfoPlist.strings */ = {
			isa = PBXVariantGroup;
			children = (
				4E629E5616D358180058EC35 /* en */,
			);
			name = InfoPlist.strings;
			sourceTree = "<group>";
		};
		4E629E6416D358180058EC35 /* MainStoryboard.storyboard */ = {
			isa = PBXVariantGroup;
			children = (
				4E629E6516D358180058EC35 /* en */,
			);
			name = MainStoryboard.storyboard;
			sourceTree = "<group>";
		};
/* End PBXVariantGroup section */

/* Begin XCBuildConfiguration section */
		4E629E6A16D358180058EC35 /* Debug */ = {
			isa = XCBuildConfiguration;
			buildSettings = {
				ALWAYS_SEARCH_USER_PATHS = NO;
				CLANG_CXX_LANGUAGE_STANDARD = "gnu++0x";
				CLANG_CXX_LIBRARY = "libc++";
				CLANG_WARN_CONSTANT_CONVERSION = YES;
				CLANG_WARN_EMPTY_BODY = YES;
				CLANG_WARN_ENUM_CONVERSION = YES;
				CLANG_WARN_INT_CONVERSION = YES;
				CLANG_WARN__DUPLICATE_METHOD_MATCH = YES;
				"CODE_SIGN_IDENTITY[sdk=iphoneos*]" = "iPhone Developer";
				COPY_PHASE_STRIP = NO;
				FRAMEWORK_SEARCH_PATHS = "";
				GCC_C_LANGUAGE_STANDARD = gnu99;
				GCC_DYNAMIC_NO_PIC = NO;
				GCC_OPTIMIZATION_LEVEL = 0;
				GCC_PREPROCESSOR_DEFINITIONS = (
					"DEBUG=1",
					"$(inherited)",
				);
				GCC_SYMBOLS_PRIVATE_EXTERN = NO;
				GCC_WARN_ABOUT_RETURN_TYPE = YES;
				GCC_WARN_UNINITIALIZED_AUTOS = YES;
				GCC_WARN_UNUSED_VARIABLE = YES;
				HEADER_SEARCH_PATHS = "";
				IPHONEOS_DEPLOYMENT_TARGET = 6.1;
				LIBRARY_SEARCH_PATHS = "";
				ONLY_ACTIVE_ARCH = YES;
				SDKROOT = iphoneos;
			};
			name = Debug;
		};
		4E629E6B16D358180058EC35 /* Release */ = {
			isa = XCBuildConfiguration;
			buildSettings = {
				ALWAYS_SEARCH_USER_PATHS = NO;
				CLANG_CXX_LANGUAGE_STANDARD = "gnu++0x";
				CLANG_CXX_LIBRARY = "libc++";
				CLANG_WARN_CONSTANT_CONVERSION = YES;
				CLANG_WARN_EMPTY_BODY = YES;
				CLANG_WARN_ENUM_CONVERSION = YES;
				CLANG_WARN_INT_CONVERSION = YES;
				CLANG_WARN__DUPLICATE_METHOD_MATCH = YES;
				"CODE_SIGN_IDENTITY[sdk=iphoneos*]" = "iPhone Developer";
				COPY_PHASE_STRIP = YES;
				FRAMEWORK_SEARCH_PATHS = "";
				GCC_C_LANGUAGE_STANDARD = gnu99;
				GCC_WARN_ABOUT_RETURN_TYPE = YES;
				GCC_WARN_UNINITIALIZED_AUTOS = YES;
				GCC_WARN_UNUSED_VARIABLE = YES;
				HEADER_SEARCH_PATHS = "";
				IPHONEOS_DEPLOYMENT_TARGET = 6.1;
				LIBRARY_SEARCH_PATHS = "";
				ONLY_ACTIVE_ARCH = YES;
				OTHER_CFLAGS = "-DNS_BLOCK_ASSERTIONS=1";
				SDKROOT = iphoneos;
				VALIDATE_PRODUCT = YES;
			};
			name = Release;
		};
		4E629E6D16D358180058EC35 /* Debug */ = {
			isa = XCBuildConfiguration;
			buildSettings = {
				ALWAYS_SEARCH_USER_PATHS = YES;
				CODE_SIGN_IDENTITY = "iPhone Developer: Chandrasekhar Reddy (89272D29DN)";
				"CODE_SIGN_IDENTITY[sdk=iphoneos*]" = "iPhone Developer: Chandrasekhar Reddy (89272D29DN)";
				FRAMEWORK_SEARCH_PATHS = (
					"$(inherited)",
					"\"$(SRCROOT)/Others/FacebookSDK\"",
					"\"$(SRCROOT)/Others\"",
				);
				GCC_PRECOMPILE_PREFIX_HEADER = YES;
				GCC_PREFIX_HEADER = "SimpleSIP/SimpleSIP-Prefix.pch";
				GCC_PREPROCESSOR_DEFINITIONS = "";
				HEADER_SEARCH_PATHS = "";
				INFOPLIST_FILE = "SimpleSIP/SimpleSIP-Info.plist";
				IPHONEOS_DEPLOYMENT_TARGET = 6.0;
				LIBRARY_SEARCH_PATHS = (
					"$(inherited)",
					"\"$(SRCROOT)/RalleeSDK\"",
				);
				ONLY_ACTIVE_ARCH = YES;
				PRODUCT_NAME = RalleeSIP;
				PROVISIONING_PROFILE = "E054B7F1-C906-48C9-A8A7-DB62FEFD2E38";
				"PROVISIONING_PROFILE[sdk=iphoneos*]" = "E054B7F1-C906-48C9-A8A7-DB62FEFD2E38";
				WRAPPER_EXTENSION = app;
			};
			name = Debug;
		};
		4E629E6E16D358180058EC35 /* Release */ = {
			isa = XCBuildConfiguration;
			buildSettings = {
				ALWAYS_SEARCH_USER_PATHS = YES;
				CODE_SIGN_IDENTITY = "iPhone Developer: Chandrasekhar Reddy (89272D29DN)";
				"CODE_SIGN_IDENTITY[sdk=iphoneos*]" = "iPhone Developer: Chandrasekhar Reddy (89272D29DN)";
				FRAMEWORK_SEARCH_PATHS = (
					"$(inherited)",
					"\"$(SRCROOT)/Others/FacebookSDK\"",
					"\"$(SRCROOT)/Others\"",
				);
				GCC_PRECOMPILE_PREFIX_HEADER = YES;
				GCC_PREFIX_HEADER = "SimpleSIP/SimpleSIP-Prefix.pch";
				GCC_PREPROCESSOR_DEFINITIONS = "";
				HEADER_SEARCH_PATHS = "";
				INFOPLIST_FILE = "SimpleSIP/SimpleSIP-Info.plist";
				IPHONEOS_DEPLOYMENT_TARGET = 6.0;
				LIBRARY_SEARCH_PATHS = (
					"$(inherited)",
					"\"$(SRCROOT)/RalleeSDK\"",
				);
				ONLY_ACTIVE_ARCH = YES;
				PRODUCT_NAME = RalleeSIP;
				PROVISIONING_PROFILE = "E054B7F1-C906-48C9-A8A7-DB62FEFD2E38";
				"PROVISIONING_PROFILE[sdk=iphoneos*]" = "E054B7F1-C906-48C9-A8A7-DB62FEFD2E38";
				WRAPPER_EXTENSION = app;
			};
			name = Release;
		};
/* End XCBuildConfiguration section */

/* Begin XCConfigurationList section */
		4E629E4416D358180058EC35 /* Build configuration list for PBXProject "SimpleSIP" */ = {
			isa = XCConfigurationList;
			buildConfigurations = (
				4E629E6A16D358180058EC35 /* Debug */,
				4E629E6B16D358180058EC35 /* Release */,
			);
			defaultConfigurationIsVisible = 0;
			defaultConfigurationName = Release;
		};
		4E629E6C16D358180058EC35 /* Build configuration list for PBXNativeTarget "SimpleSIP" */ = {
			isa = XCConfigurationList;
			buildConfigurations = (
				4E629E6D16D358180058EC35 /* Debug */,
				4E629E6E16D358180058EC35 /* Release */,
			);
			defaultConfigurationIsVisible = 0;
			defaultConfigurationName = Release;
		};
/* End XCConfigurationList section */
	};
	rootObject = 4E629E4116D358180058EC35 /* Project object */;
}
